
Microsoft Visual Studio Solution File, Format Version 12.00
# Visual Studio Version 16
VisualStudioVersion = 16.0.30114.105
MinimumVisualStudioVersion = 10.0.40219.1
Project("{9A19103F-16F7-4668-BE54-9A1E7A4F7556}") = "demon", "demon\demon.csproj", "{2C0D736D-9213-4207-8807-68259A27DC8E}"
EndProject
Project("{9A19103F-16F7-4668-BE54-9A1E7A4F7556}") = "AiWen.Db", "AiWen.Db\AiWen.Db.csproj", "{81DAC150-F7B7-45F7-B0E8-1A6EEA32CE86}"
EndProject
Global
	GlobalSection(SolutionConfigurationPlatforms) = preSolution
		Debug|Any CPU = Debug|Any CPU
		Release|Any CPU = Release|Any CPU
	EndGlobalSection
	GlobalSection(ProjectConfigurationPlatforms) = postSolution
		{2C0D736D-9213-4207-8807-68259A27DC8E}.Debug|Any CPU.ActiveCfg = Debug|Any CPU
		{2C0D736D-9213-4207-8807-68259A27DC8E}.Debug|Any CPU.Build.0 = Debug|Any CPU
		{2C0D736D-9213-4207-8807-68259A27DC8E}.Release|Any CPU.ActiveCfg = Release|Any CPU
		{2C0D736D-9213-4207-8807-68259A27DC8E}.Release|Any CPU.Build.0 = Release|Any CPU
		{81DAC150-F7B7-45F7-B0E8-1A6EEA32CE86}.Debug|Any CPU.ActiveCfg = Debug|Any CPU
		{81DAC150-F7B7-45F7-B0E8-1A6EEA32CE86}.Debug|Any CPU.Build.0 = Debug|Any CPU
		{81DAC150-F7B7-45F7-B0E8-1A6EEA32CE86}.Release|Any CPU.ActiveCfg = Release|Any CPU
		{81DAC150-F7B7-45F7-B0E8-1A6EEA32CE86}.Release|Any CPU.Build.0 = Release|Any CPU
	EndGlobalSection
	GlobalSection(SolutionProperties) = preSolution
		HideSolutionNode = FALSE
	EndGlobalSection
	GlobalSection(ExtensibilityGlobals) = postSolution
		SolutionGuid = {3362FA20-B1AE-4583-BB05-0F34B69B13F4}
	EndGlobalSection
	GlobalSection(SubversionScc) = preSolution
		Svn-Managed = True
		Manager = AnkhSVN - Subversion Support for Visual Studio
	EndGlobalSection
EndGlobal
